
Microsoft Visual Studio Solution File, Format Version 12.00
# Visual Studio Version 17
VisualStudioVersion = 17.6.33829.357
MinimumVisualStudioVersion = 10.0.40219.1
Project("{9A19103F-16F7-4668-BE54-9A1E7A4F7556}") = "WebApplication1", "WebApplication1\WebApplication1.csproj", "{949333B5-7E4F-42DB-A1FA-6704E77122F5}"
EndProject
Global
	GlobalSection(SolutionConfigurationPlatforms) = preSolution
		Debug|Any CPU = Debug|Any CPU
		Release|Any CPU = Release|Any CPU
	EndGlobalSection
	GlobalSection(ProjectConfigurationPlatforms) = postSolution
		{949333B5-7E4F-42DB-A1FA-6704E77122F5}.Debug|Any CPU.ActiveCfg = Debug|Any CPU
		{949333B5-7E4F-42DB-A1FA-6704E77122F5}.Debug|Any CPU.Build.0 = Debug|Any CPU
		{949333B5-7E4F-42DB-A1FA-6704E77122F5}.Release|Any CPU.ActiveCfg = Release|Any CPU
		{949333B5-7E4F-42DB-A1FA-6704E77122F5}.Release|Any CPU.Build.0 = Release|Any CPU
	EndGlobalSection
	GlobalSection(SolutionProperties) = preSolution
		HideSolutionNode = FALSE
	EndGlobalSection
	GlobalSection(ExtensibilityGlobals) = postSolution
		SolutionGuid = {D34381BB-3631-4996-A197-D43FC5A7F422}
	EndGlobalSection
EndGlobal
